schema: '2.0'
stages:
  prepare_data_v1:
    cmd: python .\src\data\make_dataset_v1.py .\data\processed\gurgaon_properties.csv
    deps:
    - path: .\data\processed\gurgaon_properties.csv
      hash: md5
      md5: c5eab2e54c34717828a1075040325e56
      size: 6837338
    - path: .\src\data\make_dataset_v1.py
      hash: md5
      md5: 3b235ba8b382e62a2355a59dd9225cee
      size: 4344
    outs:
    - path: data/processed/gurgaon_properties_cleaned_v1.csv
      hash: md5
      md5: a4f97c29cca433b58a3f3c49defba34b
      size: 3841602
  prepare_data_v2:
    cmd: python .\src\features\features_engineering_v2.py .\data\processed\gurgaon_properties_cleaned_v1.csv
    deps:
    - path: .\data\processed\gurgaon_properties_cleaned_v1.csv
      hash: md5
      md5: a4f97c29cca433b58a3f3c49defba34b
      size: 3841602
    - path: .\src\features\features_engineering_v2.py
      hash: md5
      md5: d5cecd31ff5c65b2796c722e04b4e9e3
      size: 9899
    outs:
    - path: data/processed/gurgaon_properties_cleaned_v2.csv
      hash: md5
      md5: 2ab24edc0d3c4b96697055ced2462fc7
      size: 5075085
  prepare_data_v3:
    cmd: python .\src\data\outlier.py .\data\processed\gurgaon_properties_cleaned_v2.csv
    deps:
    - path: .\data\processed\gurgaon_properties_cleaned_v2.csv
      hash: md5
      md5: 2ab24edc0d3c4b96697055ced2462fc7
      size: 5075085
    - path: .\src\data\outlier.py
      hash: md5
      md5: 072176d34e79c70a902f285b88adaf1e
      size: 3399
    outs:
    - path: data/processed/gurgaon_properties_cleaned_final.csv
      hash: md5
      md5: 6b1d5f2a8a8f1236bd4b2db91c8fc865
      size: 925479
  prepare_data_v4:
    cmd: python .\src\data\missing-value-imputation.py .\data\processed\gurgaon_properties_cleaned_final.csv
    deps:
    - path: .\data\processed\gurgaon_properties_cleaned_final.csv
      hash: md5
      md5: 6b1d5f2a8a8f1236bd4b2db91c8fc865
      size: 925479
    - path: .\src\data\missing-value-imputation.py
      hash: md5
      md5: e7525e4e12914ec616ce4cf3b87179f9
      size: 3516
    outs:
    - path: data/processed/gurgaon_properties_missing_value_imputation.csv
      hash: md5
      md5: 90aa9b30b8465cfed76e7ac45093f995
      size: 397360
  feature_engineering:
    cmd: python .\src\features\feature-selection.py .\data\processed\gurgaon_properties_missing_value_imputation.csv
    deps:
    - path: .\data\processed\gurgaon_properties_missing_value_imputation.csv
      hash: md5
      md5: 90aa9b30b8465cfed76e7ac45093f995
      size: 397360
    - path: .\src\features\feature-selection.py
      hash: md5
      md5: d52a97d1593f716a4a98d505a8dcd309
      size: 6881
    outs:
    - path: data/processed/gurgaon_properties_post_feature_selection.csv
      hash: md5
      md5: 2a5e6059d4e1f515755527f8309338f8
      size: 204302
  train_model:
    cmd: python .\src\models\train_model.py .\data\processed\gurgaon_properties_post_feature_selection.csv
    deps:
    - path: .\data\processed\gurgaon_properties_post_feature_selection.csv
      hash: md5
      md5: 2a5e6059d4e1f515755527f8309338f8
      size: 204302
    - path: .\src\models\train_model.py
      hash: md5
      md5: 75cd24cb3c4a1d8a046f12422f216148
      size: 2329
    outs:
    - path: models/pipeline.pkl
      hash: md5
      md5: 28d52195c9a885cdc1a5f2937626db13
      size: 56040373
  visualize:
    cmd: python .\src\visualization\data_analysis.py .\data\processed\gurgaon_properties_cleaned_v2.csv
    deps:
    - path: .\data\processed\gurgaon_properties_cleaned_v2.csv
      hash: md5
      md5: 2ab24edc0d3c4b96697055ced2462fc7
      size: 5075085
    - path: .\src\visualization\data_analysis.py
      hash: md5
      md5: c8dc511900816146e3ea5484d565808c
      size: 3060
